
Microsoft Visual Studio Solution File, Format Version 12.00
# Visual Studio Version 17
VisualStudioVersion = 17.2.32616.157
MinimumVisualStudioVersion = 10.0.40219.1
Project("{9A19103F-16F7-4668-BE54-9A1E7A4F7556}") = "TasksListApp", "TasksListApp\TasksListApp.csproj", "{73C99DC4-32BB-4F12-86BF-201A0EB2ED4E}"
EndProject
Global
	GlobalSection(SolutionConfigurationPlatforms) = preSolution
		Debug|Any CPU = Debug|Any CPU
		Release|Any CPU = Release|Any CPU
	EndGlobalSection
	GlobalSection(ProjectConfigurationPlatforms) = postSolution
		{73C99DC4-32BB-4F12-86BF-201A0EB2ED4E}.Debug|Any CPU.ActiveCfg = Debug|Any CPU
		{73C99DC4-32BB-4F12-86BF-201A0EB2ED4E}.Debug|Any CPU.Build.0 = Debug|Any CPU
		{73C99DC4-32BB-4F12-86BF-201A0EB2ED4E}.Release|Any CPU.ActiveCfg = Release|Any CPU
		{73C99DC4-32BB-4F12-86BF-201A0EB2ED4E}.Release|Any CPU.Build.0 = Release|Any CPU
	EndGlobalSection
	GlobalSection(SolutionProperties) = preSolution
		HideSolutionNode = FALSE
	EndGlobalSection
	GlobalSection(ExtensibilityGlobals) = postSolution
		SolutionGuid = {E023C1C7-AB00-422F-AE12-9F5DFDF3E8A9}
	EndGlobalSection
EndGlobal
